
Microsoft Visual Studio Solution File, Format Version 12.00
# Visual Studio 15
VisualStudioVersion = 15.0.27130.2027
MinimumVisualStudioVersion = 10.0.40219.1
Project("{FAE04EC0-301F-11D3-BF4B-00C04F79EFBC}") = "JCDecauxSoapGateway", "JCDecauxSoapGateway\JCDecauxSoapGateway.csproj", "{03BEF4BE-32AD-4F3B-ACD7-791D82A1D3B8}"
EndProject
Project("{FAE04EC0-301F-11D3-BF4B-00C04F79EFBC}") = "JCDecauxSoapClient", "JCDecauxSoapClient\JCDecauxSoapClient.csproj", "{CE3F4BD9-C375-4EE1-B4B6-6A387D9948C1}"
	ProjectSection(ProjectDependencies) = postProject
		{03BEF4BE-32AD-4F3B-ACD7-791D82A1D3B8} = {03BEF4BE-32AD-4F3B-ACD7-791D82A1D3B8}
	EndProjectSection
EndProject
Project("{FAE04EC0-301F-11D3-BF4B-00C04F79EFBC}") = "JCDecauxSoapConsoleClient", "JCDecauxSoapConsoleClient\JCDecauxSoapConsoleClient.csproj", "{DD47247F-8F74-4CB1-95D7-9BC4F78E68CD}"
	ProjectSection(ProjectDependencies) = postProject
		{03BEF4BE-32AD-4F3B-ACD7-791D82A1D3B8} = {03BEF4BE-32AD-4F3B-ACD7-791D82A1D3B8}
	EndProjectSection
EndProject
Project("{FAE04EC0-301F-11D3-BF4B-00C04F79EFBC}") = "JCDecauxSoapEventClient", "JCDecauxSoapEventClient2\JCDecauxSoapEventClient.csproj", "{435986A1-FC12-48ED-831D-C42C72BC2D14}"
EndProject
Global
	GlobalSection(SolutionConfigurationPlatforms) = preSolution
		Debug|Any CPU = Debug|Any CPU
		Release|Any CPU = Release|Any CPU
	EndGlobalSection
	GlobalSection(ProjectConfigurationPlatforms) = postSolution
		{03BEF4BE-32AD-4F3B-ACD7-791D82A1D3B8}.Debug|Any CPU.ActiveCfg = Debug|Any CPU
		{03BEF4BE-32AD-4F3B-ACD7-791D82A1D3B8}.Debug|Any CPU.Build.0 = Debug|Any CPU
		{03BEF4BE-32AD-4F3B-ACD7-791D82A1D3B8}.Release|Any CPU.ActiveCfg = Release|Any CPU
		{03BEF4BE-32AD-4F3B-ACD7-791D82A1D3B8}.Release|Any CPU.Build.0 = Release|Any CPU
		{CE3F4BD9-C375-4EE1-B4B6-6A387D9948C1}.Debug|Any CPU.ActiveCfg = Debug|Any CPU
		{CE3F4BD9-C375-4EE1-B4B6-6A387D9948C1}.Debug|Any CPU.Build.0 = Debug|Any CPU
		{CE3F4BD9-C375-4EE1-B4B6-6A387D9948C1}.Release|Any CPU.ActiveCfg = Release|Any CPU
		{CE3F4BD9-C375-4EE1-B4B6-6A387D9948C1}.Release|Any CPU.Build.0 = Release|Any CPU
		{DD47247F-8F74-4CB1-95D7-9BC4F78E68CD}.Debug|Any CPU.ActiveCfg = Debug|Any CPU
		{DD47247F-8F74-4CB1-95D7-9BC4F78E68CD}.Debug|Any CPU.Build.0 = Debug|Any CPU
		{DD47247F-8F74-4CB1-95D7-9BC4F78E68CD}.Release|Any CPU.ActiveCfg = Release|Any CPU
		{DD47247F-8F74-4CB1-95D7-9BC4F78E68CD}.Release|Any CPU.Build.0 = Release|Any CPU
		{435986A1-FC12-48ED-831D-C42C72BC2D14}.Debug|Any CPU.ActiveCfg = Debug|Any CPU
		{435986A1-FC12-48ED-831D-C42C72BC2D14}.Debug|Any CPU.Build.0 = Debug|Any CPU
		{435986A1-FC12-48ED-831D-C42C72BC2D14}.Release|Any CPU.ActiveCfg = Release|Any CPU
		{435986A1-FC12-48ED-831D-C42C72BC2D14}.Release|Any CPU.Build.0 = Release|Any CPU
	EndGlobalSection
	GlobalSection(SolutionProperties) = preSolution
		HideSolutionNode = FALSE
	EndGlobalSection
	GlobalSection(ExtensibilityGlobals) = postSolution
		SolutionGuid = {7152AD04-97E9-4A11-BF10-B1F34AB209AA}
	EndGlobalSection
EndGlobal
